
Microsoft Visual Studio Solution File, Format Version 12.00
# Visual Studio 14
VisualStudioVersion = 14.0.23107.0
MinimumVisualStudioVersion = 10.0.40219.1
Project("{FAE04EC0-301F-11D3-BF4B-00C04F79EFBC}") = "Primedice.NET", "Primedice.NET\Primedice.NET.csproj", "{98125230-0029-4E93-859B-C6EBAB550C4C}"
EndProject
Project("{FAE04EC0-301F-11D3-BF4B-00C04F79EFBC}") = "Primedice.NET.Tests", "Primedice.NET.Tests\Primedice.NET.Tests.csproj", "{7085067A-C29C-49CA-B7E7-AE2A1BDEB469}"
EndProject
Global
	GlobalSection(SolutionConfigurationPlatforms) = preSolution
		Debug|Any CPU = Debug|Any CPU
		Release|Any CPU = Release|Any CPU
	EndGlobalSection
	GlobalSection(ProjectConfigurationPlatforms) = postSolution
		{98125230-0029-4E93-859B-C6EBAB550C4C}.Debug|Any CPU.ActiveCfg = Debug|Any CPU
		{98125230-0029-4E93-859B-C6EBAB550C4C}.Debug|Any CPU.Build.0 = Debug|Any CPU
		{98125230-0029-4E93-859B-C6EBAB550C4C}.Release|Any CPU.ActiveCfg = Release|Any CPU
		{98125230-0029-4E93-859B-C6EBAB550C4C}.Release|Any CPU.Build.0 = Release|Any CPU
		{7085067A-C29C-49CA-B7E7-AE2A1BDEB469}.Debug|Any CPU.ActiveCfg = Debug|Any CPU
		{7085067A-C29C-49CA-B7E7-AE2A1BDEB469}.Debug|Any CPU.Build.0 = Debug|Any CPU
		{7085067A-C29C-49CA-B7E7-AE2A1BDEB469}.Release|Any CPU.ActiveCfg = Release|Any CPU
		{7085067A-C29C-49CA-B7E7-AE2A1BDEB469}.Release|Any CPU.Build.0 = Release|Any CPU
	EndGlobalSection
	GlobalSection(SolutionProperties) = preSolution
		HideSolutionNode = FALSE
	EndGlobalSection
EndGlobal
